
Microsoft Visual Studio Solution File, Format Version 12.00
# Visual Studio Version 17
VisualStudioVersion = 17.14.36717.8 d17.14
MinimumVisualStudioVersion = 10.0.40219.1
Project("{FAE04EC0-301F-11D3-BF4B-00C04F79EFBC}") = "firstapi", "firstapi\firstapi.csproj", "{2CEC76AB-690A-4353-B1D3-79B0121A28DB}"
EndProject
Global
	GlobalSection(SolutionConfigurationPlatforms) = preSolution
		Debug|Any CPU = Debug|Any CPU
		Release|Any CPU = Release|Any CPU
	EndGlobalSection
	GlobalSection(ProjectConfigurationPlatforms) = postSolution
		{2CEC76AB-690A-4353-B1D3-79B0121A28DB}.Debug|Any CPU.ActiveCfg = Debug|Any CPU
		{2CEC76AB-690A-4353-B1D3-79B0121A28DB}.Debug|Any CPU.Build.0 = Debug|Any CPU
		{2CEC76AB-690A-4353-B1D3-79B0121A28DB}.Release|Any CPU.ActiveCfg = Release|Any CPU
		{2CEC76AB-690A-4353-B1D3-79B0121A28DB}.Release|Any CPU.Build.0 = Release|Any CPU
	EndGlobalSection
	GlobalSection(SolutionProperties) = preSolution
		HideSolutionNode = FALSE
	EndGlobalSection
	GlobalSection(ExtensibilityGlobals) = postSolution
		SolutionGuid = {EEDF776B-7943-469F-A73A-B4EEDC2EAE0E}
	EndGlobalSection
EndGlobal
